
Microsoft Visual Studio Solution File, Format Version 12.00
# Visual Studio Version 17
VisualStudioVersion = 17.2.32630.192
MinimumVisualStudioVersion = 10.0.40219.1
Project("{9A19103F-16F7-4668-BE54-9A1E7A4F7556}") = "day1", "day1\day1.csproj", "{7225553A-E163-4F5B-8356-622EFC8EB988}"
EndProject
Project("{9A19103F-16F7-4668-BE54-9A1E7A4F7556}") = "day2", "day2\day2.csproj", "{59E6443B-F397-4148-93FB-28C1574D5D4C}"
EndProject
Project("{9A19103F-16F7-4668-BE54-9A1E7A4F7556}") = "day3", "day3\day3.csproj", "{F82A38A6-FA2D-487E-9D68-251E93EDEEE1}"
EndProject
Project("{9A19103F-16F7-4668-BE54-9A1E7A4F7556}") = "day4", "day4\day4.csproj", "{15D4D8F1-90BF-4D36-846D-26FFC5EF3AD2}"
EndProject
Project("{9A19103F-16F7-4668-BE54-9A1E7A4F7556}") = "day5", "day5\day5.csproj", "{29F51EE7-63C5-4E88-AECD-E7C31A2648D3}"
EndProject
Project("{9A19103F-16F7-4668-BE54-9A1E7A4F7556}") = "day6", "day6\day6.csproj", "{3EAB148D-9CE8-4739-9FCE-A6F599121E7F}"
EndProject
Project("{9A19103F-16F7-4668-BE54-9A1E7A4F7556}") = "dia7", "dia7\dia7.csproj", "{EA091761-0748-4B8A-81C7-0DF05224A5F4}"
EndProject
Project("{9A19103F-16F7-4668-BE54-9A1E7A4F7556}") = "dia8", "dia8\dia8.csproj", "{4767B62B-0968-460D-9CF0-72775D2B3FE6}"
EndProject
Project("{9A19103F-16F7-4668-BE54-9A1E7A4F7556}") = "dia9", "dia9\dia9.csproj", "{4C0C15C3-C63C-4B3F-AD83-2FA03A673F2F}"
EndProject
Project("{9A19103F-16F7-4668-BE54-9A1E7A4F7556}") = "dia10", "dia10\dia10.csproj", "{DB9E452C-3793-4144-B8FF-E783CA3245F1}"
EndProject
Project("{FAE04EC0-301F-11D3-BF4B-00C04F79EFBC}") = "dia11", "dia11\dia11.csproj", "{9471EF65-C3DE-476F-B2D6-BDF692ED938E}"
EndProject
Global
	GlobalSection(SolutionConfigurationPlatforms) = preSolution
		Debug|Any CPU = Debug|Any CPU
		Release|Any CPU = Release|Any CPU
	EndGlobalSection
	GlobalSection(ProjectConfigurationPlatforms) = postSolution
		{7225553A-E163-4F5B-8356-622EFC8EB988}.Debug|Any CPU.ActiveCfg = Debug|Any CPU
		{7225553A-E163-4F5B-8356-622EFC8EB988}.Debug|Any CPU.Build.0 = Debug|Any CPU
		{7225553A-E163-4F5B-8356-622EFC8EB988}.Release|Any CPU.ActiveCfg = Release|Any CPU
		{7225553A-E163-4F5B-8356-622EFC8EB988}.Release|Any CPU.Build.0 = Release|Any CPU
		{59E6443B-F397-4148-93FB-28C1574D5D4C}.Debug|Any CPU.ActiveCfg = Debug|Any CPU
		{59E6443B-F397-4148-93FB-28C1574D5D4C}.Debug|Any CPU.Build.0 = Debug|Any CPU
		{59E6443B-F397-4148-93FB-28C1574D5D4C}.Release|Any CPU.ActiveCfg = Release|Any CPU
		{59E6443B-F397-4148-93FB-28C1574D5D4C}.Release|Any CPU.Build.0 = Release|Any CPU
		{F82A38A6-FA2D-487E-9D68-251E93EDEEE1}.Debug|Any CPU.ActiveCfg = Debug|Any CPU
		{F82A38A6-FA2D-487E-9D68-251E93EDEEE1}.Debug|Any CPU.Build.0 = Debug|Any CPU
		{F82A38A6-FA2D-487E-9D68-251E93EDEEE1}.Release|Any CPU.ActiveCfg = Release|Any CPU
		{F82A38A6-FA2D-487E-9D68-251E93EDEEE1}.Release|Any CPU.Build.0 = Release|Any CPU
		{15D4D8F1-90BF-4D36-846D-26FFC5EF3AD2}.Debug|Any CPU.ActiveCfg = Debug|Any CPU
		{15D4D8F1-90BF-4D36-846D-26FFC5EF3AD2}.Debug|Any CPU.Build.0 = Debug|Any CPU
		{15D4D8F1-90BF-4D36-846D-26FFC5EF3AD2}.Release|Any CPU.ActiveCfg = Release|Any CPU
		{15D4D8F1-90BF-4D36-846D-26FFC5EF3AD2}.Release|Any CPU.Build.0 = Release|Any CPU
		{29F51EE7-63C5-4E88-AECD-E7C31A2648D3}.Debug|Any CPU.ActiveCfg = Debug|Any CPU
		{29F51EE7-63C5-4E88-AECD-E7C31A2648D3}.Debug|Any CPU.Build.0 = Debug|Any CPU
		{29F51EE7-63C5-4E88-AECD-E7C31A2648D3}.Release|Any CPU.ActiveCfg = Release|Any CPU
		{29F51EE7-63C5-4E88-AECD-E7C31A2648D3}.Release|Any CPU.Build.0 = Release|Any CPU
		{3EAB148D-9CE8-4739-9FCE-A6F599121E7F}.Debug|Any CPU.ActiveCfg = Debug|Any CPU
		{3EAB148D-9CE8-4739-9FCE-A6F599121E7F}.Debug|Any CPU.Build.0 = Debug|Any CPU
		{3EAB148D-9CE8-4739-9FCE-A6F599121E7F}.Release|Any CPU.ActiveCfg = Release|Any CPU
		{3EAB148D-9CE8-4739-9FCE-A6F599121E7F}.Release|Any CPU.Build.0 = Release|Any CPU
		{EA091761-0748-4B8A-81C7-0DF05224A5F4}.Debug|Any CPU.ActiveCfg = Debug|Any CPU
		{EA091761-0748-4B8A-81C7-0DF05224A5F4}.Debug|Any CPU.Build.0 = Debug|Any CPU
		{EA091761-0748-4B8A-81C7-0DF05224A5F4}.Release|Any CPU.ActiveCfg = Release|Any CPU
		{EA091761-0748-4B8A-81C7-0DF05224A5F4}.Release|Any CPU.Build.0 = Release|Any CPU
		{4767B62B-0968-460D-9CF0-72775D2B3FE6}.Debug|Any CPU.ActiveCfg = Debug|Any CPU
		{4767B62B-0968-460D-9CF0-72775D2B3FE6}.Debug|Any CPU.Build.0 = Debug|Any CPU
		{4767B62B-0968-460D-9CF0-72775D2B3FE6}.Release|Any CPU.ActiveCfg = Release|Any CPU
		{4767B62B-0968-460D-9CF0-72775D2B3FE6}.Release|Any CPU.Build.0 = Release|Any CPU
		{4C0C15C3-C63C-4B3F-AD83-2FA03A673F2F}.Debug|Any CPU.ActiveCfg = Debug|Any CPU
		{4C0C15C3-C63C-4B3F-AD83-2FA03A673F2F}.Debug|Any CPU.Build.0 = Debug|Any CPU
		{4C0C15C3-C63C-4B3F-AD83-2FA03A673F2F}.Release|Any CPU.ActiveCfg = Release|Any CPU
		{4C0C15C3-C63C-4B3F-AD83-2FA03A673F2F}.Release|Any CPU.Build.0 = Release|Any CPU
		{DB9E452C-3793-4144-B8FF-E783CA3245F1}.Debug|Any CPU.ActiveCfg = Debug|Any CPU
		{DB9E452C-3793-4144-B8FF-E783CA3245F1}.Debug|Any CPU.Build.0 = Debug|Any CPU
		{DB9E452C-3793-4144-B8FF-E783CA3245F1}.Release|Any CPU.ActiveCfg = Release|Any CPU
		{DB9E452C-3793-4144-B8FF-E783CA3245F1}.Release|Any CPU.Build.0 = Release|Any CPU
		{9471EF65-C3DE-476F-B2D6-BDF692ED938E}.Debug|Any CPU.ActiveCfg = Debug|Any CPU
		{9471EF65-C3DE-476F-B2D6-BDF692ED938E}.Debug|Any CPU.Build.0 = Debug|Any CPU
		{9471EF65-C3DE-476F-B2D6-BDF692ED938E}.Release|Any CPU.ActiveCfg = Release|Any CPU
		{9471EF65-C3DE-476F-B2D6-BDF692ED938E}.Release|Any CPU.Build.0 = Release|Any CPU
	EndGlobalSection
	GlobalSection(SolutionProperties) = preSolution
		HideSolutionNode = FALSE
	EndGlobalSection
	GlobalSection(ExtensibilityGlobals) = postSolution
		SolutionGuid = {238B25CE-ED26-4D95-8CD0-6614AA3E2368}
	EndGlobalSection
EndGlobal
