
Microsoft Visual Studio Solution File, Format Version 12.00
# Visual Studio Version 17
VisualStudioVersion = 17.2.32630.192
MinimumVisualStudioVersion = 10.0.40219.1
Project("{9A19103F-16F7-4668-BE54-9A1E7A4F7556}") = "dia16", "dia16\dia16.csproj", "{7D47313C-598C-4974-A13F-C8C70151289E}"
EndProject
Project("{9A19103F-16F7-4668-BE54-9A1E7A4F7556}") = "dia17", "dia17\dia17.csproj", "{27F8EB36-6FCF-4CE7-BC9C-BD240D99081A}"
EndProject
Project("{9A19103F-16F7-4668-BE54-9A1E7A4F7556}") = "dia18", "dia18\dia18.csproj", "{C6347CF4-989D-4A43-9185-887117B9BEBF}"
EndProject
Project("{9A19103F-16F7-4668-BE54-9A1E7A4F7556}") = "dia19", "dia19\dia19.csproj", "{D22D153C-92E8-4C09-BB4F-7A2B90AF2AF3}"
EndProject
Project("{9A19103F-16F7-4668-BE54-9A1E7A4F7556}") = "AdventOfCode", "AdventOfCode\AdventOfCode.csproj", "{470001F7-351D-4C59-8E7F-0D3A8608EE81}"
EndProject
Project("{9A19103F-16F7-4668-BE54-9A1E7A4F7556}") = "AdventOfCode.Generator", "AdventOfCode.Generator\AdventOfCode.Generator.csproj", "{20F7779A-81E1-466F-9337-2114F08FDB76}"
EndProject
Project("{9A19103F-16F7-4668-BE54-9A1E7A4F7556}") = "AdventOfCode.Utils", "AdventOfCode.Utils\AdventOfCode.Utils.csproj", "{82F0D5AB-D58C-42E7-90EA-4F6F17A186B4}"
EndProject
Project("{9A19103F-16F7-4668-BE54-9A1E7A4F7556}") = "AdventOfCode.Test", "AdventOfCode.Test\AdventOfCode.Test.csproj", "{4B9CDA70-6837-481C-8A98-F2EE92BB5A5F}"
EndProject
Global
	GlobalSection(SolutionConfigurationPlatforms) = preSolution
		Debug|Any CPU = Debug|Any CPU
		Release|Any CPU = Release|Any CPU
	EndGlobalSection
	GlobalSection(ProjectConfigurationPlatforms) = postSolution
		{7D47313C-598C-4974-A13F-C8C70151289E}.Debug|Any CPU.ActiveCfg = Debug|Any CPU
		{7D47313C-598C-4974-A13F-C8C70151289E}.Debug|Any CPU.Build.0 = Debug|Any CPU
		{7D47313C-598C-4974-A13F-C8C70151289E}.Release|Any CPU.ActiveCfg = Release|Any CPU
		{7D47313C-598C-4974-A13F-C8C70151289E}.Release|Any CPU.Build.0 = Release|Any CPU
		{27F8EB36-6FCF-4CE7-BC9C-BD240D99081A}.Debug|Any CPU.ActiveCfg = Debug|Any CPU
		{27F8EB36-6FCF-4CE7-BC9C-BD240D99081A}.Debug|Any CPU.Build.0 = Debug|Any CPU
		{27F8EB36-6FCF-4CE7-BC9C-BD240D99081A}.Release|Any CPU.ActiveCfg = Release|Any CPU
		{27F8EB36-6FCF-4CE7-BC9C-BD240D99081A}.Release|Any CPU.Build.0 = Release|Any CPU
		{C6347CF4-989D-4A43-9185-887117B9BEBF}.Debug|Any CPU.ActiveCfg = Debug|Any CPU
		{C6347CF4-989D-4A43-9185-887117B9BEBF}.Debug|Any CPU.Build.0 = Debug|Any CPU
		{C6347CF4-989D-4A43-9185-887117B9BEBF}.Release|Any CPU.ActiveCfg = Release|Any CPU
		{C6347CF4-989D-4A43-9185-887117B9BEBF}.Release|Any CPU.Build.0 = Release|Any CPU
		{D22D153C-92E8-4C09-BB4F-7A2B90AF2AF3}.Debug|Any CPU.ActiveCfg = Debug|Any CPU
		{D22D153C-92E8-4C09-BB4F-7A2B90AF2AF3}.Debug|Any CPU.Build.0 = Debug|Any CPU
		{D22D153C-92E8-4C09-BB4F-7A2B90AF2AF3}.Release|Any CPU.ActiveCfg = Release|Any CPU
		{D22D153C-92E8-4C09-BB4F-7A2B90AF2AF3}.Release|Any CPU.Build.0 = Release|Any CPU
		{470001F7-351D-4C59-8E7F-0D3A8608EE81}.Debug|Any CPU.ActiveCfg = Debug|Any CPU
		{470001F7-351D-4C59-8E7F-0D3A8608EE81}.Debug|Any CPU.Build.0 = Debug|Any CPU
		{470001F7-351D-4C59-8E7F-0D3A8608EE81}.Release|Any CPU.ActiveCfg = Release|Any CPU
		{470001F7-351D-4C59-8E7F-0D3A8608EE81}.Release|Any CPU.Build.0 = Release|Any CPU
		{20F7779A-81E1-466F-9337-2114F08FDB76}.Debug|Any CPU.ActiveCfg = Debug|Any CPU
		{20F7779A-81E1-466F-9337-2114F08FDB76}.Debug|Any CPU.Build.0 = Debug|Any CPU
		{20F7779A-81E1-466F-9337-2114F08FDB76}.Release|Any CPU.ActiveCfg = Release|Any CPU
		{20F7779A-81E1-466F-9337-2114F08FDB76}.Release|Any CPU.Build.0 = Release|Any CPU
		{82F0D5AB-D58C-42E7-90EA-4F6F17A186B4}.Debug|Any CPU.ActiveCfg = Debug|Any CPU
		{82F0D5AB-D58C-42E7-90EA-4F6F17A186B4}.Debug|Any CPU.Build.0 = Debug|Any CPU
		{82F0D5AB-D58C-42E7-90EA-4F6F17A186B4}.Release|Any CPU.ActiveCfg = Release|Any CPU
		{82F0D5AB-D58C-42E7-90EA-4F6F17A186B4}.Release|Any CPU.Build.0 = Release|Any CPU
		{4B9CDA70-6837-481C-8A98-F2EE92BB5A5F}.Debug|Any CPU.ActiveCfg = Debug|Any CPU
		{4B9CDA70-6837-481C-8A98-F2EE92BB5A5F}.Debug|Any CPU.Build.0 = Debug|Any CPU
		{4B9CDA70-6837-481C-8A98-F2EE92BB5A5F}.Release|Any CPU.ActiveCfg = Release|Any CPU
		{4B9CDA70-6837-481C-8A98-F2EE92BB5A5F}.Release|Any CPU.Build.0 = Release|Any CPU
	EndGlobalSection
	GlobalSection(SolutionProperties) = preSolution
		HideSolutionNode = FALSE
	EndGlobalSection
	GlobalSection(ExtensibilityGlobals) = postSolution
		SolutionGuid = {238B25CE-ED26-4D95-8CD0-6614AA3E2368}
	EndGlobalSection
EndGlobal
